// !$*UTF8*$!
{
	archiveVersion = 1;
	classes = {
	};
	objectVersion = 50;
	objects = {

/* Begin PBXBuildFile section */
		E40B6B7D25267609006B3243 /* AppDelegate.swift in Sources */ = {isa = PBXBuildFile; fileRef = E40B6B7C25267609006B3243 /* AppDelegate.swift */; };
		E40B6B7F25267609006B3243 /* ViewController.swift in Sources */ = {isa = PBXBuildFile; fileRef = E40B6B7E25267609006B3243 /* ViewController.swift */; };
		E40B6B812526760A006B3243 /* Assets.xcassets in Resources */ = {isa = PBXBuildFile; fileRef = E40B6B802526760A006B3243 /* Assets.xcassets */; };
		E40B6B842526760A006B3243 /* Main.storyboard in Resources */ = {isa = PBXBuildFile; fileRef = E40B6B822526760A006B3243 /* Main.storyboard */; };
		E40B6B902526760A006B3243 /* Guess_The_NumberTests.swift in Sources */ = {isa = PBXBuildFile; fileRef = E40B6B8F2526760A006B3243 /* Guess_The_NumberTests.swift */; };
		E40B6B9B2526760A006B3243 /* Guess_The_NumberUITests.swift in Sources */ = {isa = PBXBuildFile; fileRef = E40B6B9A2526760A006B3243 /* Guess_The_NumberUITests.swift */; };
/* End PBXBuildFile section */

/* Begin PBXContainerItemProxy section */
		E40B6B8C2526760A006B3243 /* PBXContainerItemProxy */ = {
			isa = PBXContainerItemProxy;
			containerPortal = E40B6B7125267609006B3243 /* Project object */;
			proxyType = 1;
			remoteGlobalIDString = E40B6B7825267609006B3243;
			remoteInfo = "Guess The Number";
		};
		E40B6B972526760A006B3243 /* PBXContainerItemProxy */ = {
			isa = PBXContainerItemProxy;
			containerPortal = E40B6B7125267609006B3243 /* Project object */;
			proxyType = 1;
			remoteGlobalIDString = E40B6B7825267609006B3243;
			remoteInfo = "Guess The Number";
		};
/* End PBXContainerItemProxy section */

/* Begin PBXFileReference section */
		E40B6B7925267609006B3243 /* Guess The Number.app */ = {isa = PBXFileReference; explicitFileType = wrapper.application; includeInIndex = 0; path = "Guess The Number.app"; sourceTree = BUILT_PRODUCTS_DIR; };
		E40B6B7C25267609006B3243 /* AppDelegate.swift */ = {isa = PBXFileReference; lastKnownFileType = sourcecode.swift; path = AppDelegate.swift; sourceTree = "<group>"; };
		E40B6B7E25267609006B3243 /* ViewController.swift */ = {isa = PBXFileReference; lastKnownFileType = sourcecode.swift; path = ViewController.swift; sourceTree = "<group>"; };
		E40B6B802526760A006B3243 /* Assets.xcassets */ = {isa = PBXFileReference; lastKnownFileType = folder.assetcatalog; path = Assets.xcassets; sourceTree = "<group>"; };
		E40B6B832526760A006B3243 /* Base */ = {isa = PBXFileReference; lastKnownFileType = file.storyboard; name = Base; path = Base.lproj/Main.storyboard; sourceTree = "<group>"; };
		E40B6B852526760A006B3243 /* Info.plist */ = {isa = PBXFileReference; lastKnownFileType = text.plist.xml; path = Info.plist; sourceTree = "<group>"; };
		E40B6B862526760A006B3243 /* Guess_The_Number.entitlements */ = {isa = PBXFileReference; lastKnownFileType = text.plist.entitlements; path = Guess_The_Number.entitlements; sourceTree = "<group>"; };
		E40B6B8B2526760A006B3243 /* Guess The NumberTests.xctest */ = {isa = PBXFileReference; explicitFileType = wrapper.cfbundle; includeInIndex = 0; path = "Guess The NumberTests.xctest"; sourceTree = BUILT_PRODUCTS_DIR; };
		E40B6B8F2526760A006B3243 /* Guess_The_NumberTests.swift */ = {isa = PBXFileReference; lastKnownFileType = sourcecode.swift; path = Guess_The_NumberTests.swift; sourceTree = "<group>"; };
		E40B6B912526760A006B3243 /* Info.plist */ = {isa = PBXFileReference; lastKnownFileType = text.plist.xml; path = Info.plist; sourceTree = "<group>"; };
		E40B6B962526760A006B3243 /* Guess The NumberUITests.xctest */ = {isa = PBXFileReference; explicitFileType = wrapper.cfbundle; includeInIndex = 0; path = "Guess The NumberUITests.xctest"; sourceTree = BUILT_PRODUCTS_DIR; };
		E40B6B9A2526760A006B3243 /* Guess_The_NumberUITests.swift */ = {isa = PBXFileReference; lastKnownFileType = sourcecode.swift; path = Guess_The_NumberUITests.swift; sourceTree = "<group>"; };
		E40B6B9C2526760A006B3243 /* Info.plist */ = {isa = PBXFileReference; lastKnownFileType = text.plist.xml; path = Info.plist; sourceTree = "<group>"; };
/* End PBXFileReference section */

/* Begin PBXFrameworksBuildPhase section */
		E40B6B7625267609006B3243 /* Frameworks */ = {
			isa = PBXFrameworksBuildPhase;
			buildActionMask = 2147483647;
			files = (
			);
			runOnlyForDeploymentPostprocessing = 0;
		};
		E40B6B882526760A006B3243 /* Frameworks */ = {
			isa = PBXFrameworksBuildPhase;
			buildActionMask = 2147483647;
			files = (
			);
			runOnlyForDeploymentPostprocessing = 0;
		};
		E40B6B932526760A006B3243 /* Frameworks */ = {
			isa = PBXFrameworksBuildPhase;
			buildActionMask = 2147483647;
			files = (
			);
			runOnlyForDeploymentPostprocessing = 0;
		};
/* End PBXFrameworksBuildPhase section */

/* Begin PBXGroup section */
		E40B6B7025267609006B3243 = {
			isa = PBXGroup;
			children = (
				E40B6B7B25267609006B3243 /* Guess The Number */,
				E40B6B8E2526760A006B3243 /* Guess The NumberTests */,
				E40B6B992526760A006B3243 /* Guess The NumberUITests */,
				E40B6B7A25267609006B3243 /* Products */,
			);
			sourceTree = "<group>";
		};
		E40B6B7A25267609006B3243 /* Products */ = {
			isa = PBXGroup;
			children = (
				E40B6B7925267609006B3243 /* Guess The Number.app */,
				E40B6B8B2526760A006B3243 /* Guess The NumberTests.xctest */,
				E40B6B962526760A006B3243 /* Guess The NumberUITests.xctest */,
			);
			name = Products;
			sourceTree = "<group>";
		};
		E40B6B7B25267609006B3243 /* Guess The Number */ = {
			isa = PBXGroup;
			children = (
				E40B6B7C25267609006B3243 /* AppDelegate.swift */,
				E40B6B7E25267609006B3243 /* ViewController.swift */,
				E40B6B802526760A006B3243 /* Assets.xcassets */,
				E40B6B822526760A006B3243 /* Main.storyboard */,
				E40B6B852526760A006B3243 /* Info.plist */,
				E40B6B862526760A006B3243 /* Guess_The_Number.entitlements */,
			);
			path = "Guess The Number";
			sourceTree = "<group>";
		};
		E40B6B8E2526760A006B3243 /* Guess The NumberTests */ = {
			isa = PBXGroup;
			children = (
				E40B6B8F2526760A006B3243 /* Guess_The_NumberTests.swift */,
				E40B6B912526760A006B3243 /* Info.plist */,
			);
			path = "Guess The NumberTests";
			sourceTree = "<group>";
		};
		E40B6B992526760A006B3243 /* Guess The NumberUITests */ = {
			isa = PBXGroup;
			children = (
				E40B6B9A2526760A006B3243 /* Guess_The_NumberUITests.swift */,
				E40B6B9C2526760A006B3243 /* Info.plist */,
			);
			path = "Guess The NumberUITests";
			sourceTree = "<group>";
		};
/* End PBXGroup section */

/* Begin PBXNativeTarget section */
		E40B6B7825267609006B3243 /* Guess The Number */ = {
			isa = PBXNativeTarget;
			buildConfigurationList = E40B6B9F2526760A006B3243 /* Build configuration list for PBXNativeTarget "Guess The Number" */;
			buildPhases = (
				E40B6B7525267609006B3243 /* Sources */,
				E40B6B7625267609006B3243 /* Frameworks */,
				E40B6B7725267609006B3243 /* Resources */,
			);
			buildRules = (
			);
			dependencies = (
			);
			name = "Guess The Number";
			productName = "Guess The Number";
			productReference = E40B6B7925267609006B3243 /* Guess The Number.app */;
			productType = "com.apple.product-type.application";
		};
		E40B6B8A2526760A006B3243 /* Guess The NumberTests */ = {
			isa = PBXNativeTarget;
			buildConfigurationList = E40B6BA22526760A006B3243 /* Build configuration list for PBXNativeTarget "Guess The NumberTests" */;
			buildPhases = (
				E40B6B872526760A006B3243 /* Sources */,
				E40B6B882526760A006B3243 /* Frameworks */,
				E40B6B892526760A006B3243 /* Resources */,
			);
			buildRules = (
			);
			dependencies = (
				E40B6B8D2526760A006B3243 /* PBXTargetDependency */,
			);
			name = "Guess The NumberTests";
			productName = "Guess The NumberTests";
			productReference = E40B6B8B2526760A006B3243 /* Guess The NumberTests.xctest */;
			productType = "com.apple.product-type.bundle.unit-test";
		};
		E40B6B952526760A006B3243 /* Guess The NumberUITests */ = {
			isa = PBXNativeTarget;
			buildConfigurationList = E40B6BA52526760A006B3243 /* Build configuration list for PBXNativeTarget "Guess The NumberUITests" */;
			buildPhases = (
				E40B6B922526760A006B3243 /* Sources */,
				E40B6B932526760A006B3243 /* Frameworks */,
				E40B6B942526760A006B3243 /* Resources */,
			);
			buildRules = (
			);
			dependencies = (
				E40B6B982526760A006B3243 /* PBXTargetDependency */,
			);
			name = "Guess The NumberUITests";
			productName = "Guess The NumberUITests";
			productReference = E40B6B962526760A006B3243 /* Guess The NumberUITests.xctest */;
			productType = "com.apple.product-type.bundle.ui-testing";
		};
/* End PBXNativeTarget section */

/* Begin PBXProject section */
		E40B6B7125267609006B3243 /* Project object */ = {
			isa = PBXProject;
			attributes = {
				LastSwiftUpdateCheck = 1200;
				LastUpgradeCheck = 1200;
				TargetAttributes = {
					E40B6B7825267609006B3243 = {
						CreatedOnToolsVersion = 12.0.1;
					};
					E40B6B8A2526760A006B3243 = {
						CreatedOnToolsVersion = 12.0.1;
						TestTargetID = E40B6B7825267609006B3243;
					};
					E40B6B952526760A006B3243 = {
						CreatedOnToolsVersion = 12.0.1;
						TestTargetID = E40B6B7825267609006B3243;
					};
				};
			};
			buildConfigurationList = E40B6B7425267609006B3243 /* Build configuration list for PBXProject "Guess The Number" */;
			compatibilityVersion = "Xcode 9.3";
			developmentRegion = en;
			hasScannedForEncodings = 0;
			knownRegions = (
				en,
				Base,
			);
			mainGroup = E40B6B7025267609006B3243;
			productRefGroup = E40B6B7A25267609006B3243 /* Products */;
			projectDirPath = "";
			projectRoot = "";
			targets = (
				E40B6B7825267609006B3243 /* Guess The Number */,
				E40B6B8A2526760A006B3243 /* Guess The NumberTests */,
				E40B6B952526760A006B3243 /* Guess The NumberUITests */,
			);
		};
/* End PBXProject section */

/* Begin PBXResourcesBuildPhase section */
		E40B6B7725267609006B3243 /* Resources */ = {
			isa = PBXResourcesBuildPhase;
			buildActionMask = 2147483647;
			files = (
				E40B6B812526760A006B3243 /* Assets.xcassets in Resources */,
				E40B6B842526760A006B3243 /* Main.storyboard in Resources */,
			);
			runOnlyForDeploymentPostprocessing = 0;
		};
		E40B6B892526760A006B3243 /* Resources */ = {
			isa = PBXResourcesBuildPhase;
			buildActionMask = 2147483647;
			files = (
			);
			runOnlyForDeploymentPostprocessing = 0;
		};
		E40B6B942526760A006B3243 /* Resources */ = {
			isa = PBXResourcesBuildPhase;
			buildActionMask = 2147483647;
			files = (
			);
			runOnlyForDeploymentPostprocessing = 0;
		};
/* End PBXResourcesBuildPhase section */

/* Begin PBXSourcesBuildPhase section */
		E40B6B7525267609006B3243 /* Sources */ = {
			isa = PBXSourcesBuildPhase;
			buildActionMask = 2147483647;
			files = (
				E40B6B7F25267609006B3243 /* ViewController.swift in Sources */,
				E40B6B7D25267609006B3243 /* AppDelegate.swift in Sources */,
			);
			runOnlyForDeploymentPostprocessing = 0;
		};
		E40B6B872526760A006B3243 /* Sources */ = {
			isa = PBXSourcesBuildPhase;
			buildActionMask = 2147483647;
			files = (
				E40B6B902526760A006B3243 /* Guess_The_NumberTests.swift in Sources */,
			);
			runOnlyForDeploymentPostprocessing = 0;
		};
		E40B6B922526760A006B3243 /* Sources */ = {
			isa = PBXSourcesBuildPhase;
			buildActionMask = 2147483647;
			files = (
				E40B6B9B2526760A006B3243 /* Guess_The_NumberUITests.swift in Sources */,
			);
			runOnlyForDeploymentPostprocessing = 0;
		};
/* End PBXSourcesBuildPhase section */

/* Begin PBXTargetDependency section */
		E40B6B8D2526760A006B3243 /* PBXTargetDependency */ = {
			isa = PBXTargetDependency;
			target = E40B6B7825267609006B3243 /* Guess The Number */;
			targetProxy = E40B6B8C2526760A006B3243 /* PBXContainerItemProxy */;
		};
		E40B6B982526760A006B3243 /* PBXTargetDependency */ = {
			isa = PBXTargetDependency;
			target = E40B6B7825267609006B3243 /* Guess The Number */;
			targetProxy = E40B6B972526760A006B3243 /* PBXContainerItemProxy */;
		};
/* End PBXTargetDependency section */

/* Begin PBXVariantGroup section */
		E40B6B822526760A006B3243 /* Main.storyboard */ = {
			isa = PBXVariantGroup;
			children = (
				E40B6B832526760A006B3243 /* Base */,
			);
			name = Main.storyboard;
			sourceTree = "<group>";
		};
/* End PBXVariantGroup section */

/* Begin XCBuildConfiguration section */
		E40B6B9D2526760A006B3243 /* Debug */ = {
			isa = XCBuildConfiguration;
			buildSettings = {
				ALWAYS_SEARCH_USER_PATHS = NO;
				CLANG_ANALYZER_NONNULL = YES;
				CLANG_ANALYZER_NUMBER_OBJECT_CONVERSION = YES_AGGRESSIVE;
				CLANG_CXX_LANGUAGE_STANDARD = "gnu++14";
				CLANG_CXX_LIBRARY = "libc++";
				CLANG_ENABLE_MODULES = YES;
				CLANG_ENABLE_OBJC_ARC = YES;
				CLANG_ENABLE_OBJC_WEAK = YES;
				CLANG_WARN_BLOCK_CAPTURE_AUTORELEASING = YES;
				CLANG_WARN_BOOL_CONVERSION = YES;
				CLANG_WARN_COMMA = YES;
				CLANG_WARN_CONSTANT_CONVERSION = YES;
				CLANG_WARN_DEPRECATED_OBJC_IMPLEMENTATIONS = YES;
				CLANG_WARN_DIRECT_OBJC_ISA_USAGE = YES_ERROR;
				CLANG_WARN_DOCUMENTATION_COMMENTS = YES;
				CLANG_WARN_EMPTY_BODY = YES;
				CLANG_WARN_ENUM_CONVERSION = YES;
				CLANG_WARN_INFINITE_RECURSION = YES;
				CLANG_WARN_INT_CONVERSION = YES;
				CLANG_WARN_NON_LITERAL_NULL_CONVERSION = YES;
				CLANG_WARN_OBJC_IMPLICIT_RETAIN_SELF = YES;
				CLANG_WARN_OBJC_LITERAL_CONVERSION = YES;
				CLANG_WARN_OBJC_ROOT_CLASS = YES_ERROR;
				CLANG_WARN_QUOTED_INCLUDE_IN_FRAMEWORK_HEADER = YES;
				CLANG_WARN_RANGE_LOOP_ANALYSIS = YES;
				CLANG_WARN_STRICT_PROTOTYPES = YES;
				CLANG_WARN_SUSPICIOUS_MOVE = YES;
				CLANG_WARN_UNGUARDED_AVAILABILITY = YES_AGGRESSIVE;
				CLANG_WARN_UNREACHABLE_CODE = YES;
				CLANG_WARN__DUPLICATE_METHOD_MATCH = YES;
				COPY_PHASE_STRIP = NO;
				DEBUG_INFORMATION_FORMAT = dwarf;
				ENABLE_STRICT_OBJC_MSGSEND = YES;
				ENABLE_TESTABILITY = YES;
				GCC_C_LANGUAGE_STANDARD = gnu11;
				GCC_DYNAMIC_NO_PIC = NO;
				GCC_NO_COMMON_BLOCKS = YES;
				GCC_OPTIMIZATION_LEVEL = 0;
				GCC_PREPROCESSOR_DEFINITIONS = (
					"DEBUG=1",
					"$(inherited)",
				);
				GCC_WARN_64_TO_32_BIT_CONVERSION = YES;
				GCC_WARN_ABOUT_RETURN_TYPE = YES_ERROR;
				GCC_WARN_UNDECLARED_SELECTOR = YES;
				GCC_WARN_UNINITIALIZED_AUTOS = YES_AGGRESSIVE;
				GCC_WARN_UNUSED_FUNCTION = YES;
				GCC_WARN_UNUSED_VARIABLE = YES;
				MACOSX_DEPLOYMENT_TARGET = 10.15;
				MTL_ENABLE_DEBUG_INFO = INCLUDE_SOURCE;
				MTL_FAST_MATH = YES;
				ONLY_ACTIVE_ARCH = YES;
				SDKROOT = macosx;
				SWIFT_ACTIVE_COMPILATION_CONDITIONS = DEBUG;
				SWIFT_OPTIMIZATION_LEVEL = "-Onone";
			};
			name = Debug;
		};
		E40B6B9E2526760A006B3243 /* Release */ = {
			isa = XCBuildConfiguration;
			buildSettings = {
				ALWAYS_SEARCH_USER_PATHS = NO;
				CLANG_ANALYZER_NONNULL = YES;
				CLANG_ANALYZER_NUMBER_OBJECT_CONVERSION = YES_AGGRESSIVE;
				CLANG_CXX_LANGUAGE_STANDARD = "gnu++14";
				CLANG_CXX_LIBRARY = "libc++";
				CLANG_ENABLE_MODULES = YES;
				CLANG_ENABLE_OBJC_ARC = YES;
				CLANG_ENABLE_OBJC_WEAK = YES;
				CLANG_WARN_BLOCK_CAPTURE_AUTORELEASING = YES;
				CLANG_WARN_BOOL_CONVERSION = YES;
				CLANG_WARN_COMMA = YES;
				CLANG_WARN_CONSTANT_CONVERSION = YES;
				CLANG_WARN_DEPRECATED_OBJC_IMPLEMENTATIONS = YES;
				CLANG_WARN_DIRECT_OBJC_ISA_USAGE = YES_ERROR;
				CLANG_WARN_DOCUMENTATION_COMMENTS = YES;
				CLANG_WARN_EMPTY_BODY = YES;
				CLANG_WARN_ENUM_CONVERSION = YES;
				CLANG_WARN_INFINITE_RECURSION = YES;
				CLANG_WARN_INT_CONVERSION = YES;
				CLANG_WARN_NON_LITERAL_NULL_CONVERSION = YES;
				CLANG_WARN_OBJC_IMPLICIT_RETAIN_SELF = YES;
				CLANG_WARN_OBJC_LITERAL_CONVERSION = YES;
				CLANG_WARN_OBJC_ROOT_CLASS = YES_ERROR;
				CLANG_WARN_QUOTED_INCLUDE_IN_FRAMEWORK_HEADER = YES;
				CLANG_WARN_RANGE_LOOP_ANALYSIS = YES;
				CLANG_WARN_STRICT_PROTOTYPES = YES;
				CLANG_WARN_SUSPICIOUS_MOVE = YES;
				CLANG_WARN_UNGUARDED_AVAILABILITY = YES_AGGRESSIVE;
				CLANG_WARN_UNREACHABLE_CODE = YES;
				CLANG_WARN__DUPLICATE_METHOD_MATCH = YES;
				COPY_PHASE_STRIP = NO;
				DEBUG_INFORMATION_FORMAT = "dwarf-with-dsym";
				ENABLE_NS_ASSERTIONS = NO;
				ENABLE_STRICT_OBJC_MSGSEND = YES;
				GCC_C_LANGUAGE_STANDARD = gnu11;
				GCC_NO_COMMON_BLOCKS = YES;
				GCC_WARN_64_TO_32_BIT_CONVERSION = YES;
				GCC_WARN_ABOUT_RETURN_TYPE = YES_ERROR;
				GCC_WARN_UNDECLARED_SELECTOR = YES;
				GCC_WARN_UNINITIALIZED_AUTOS = YES_AGGRESSIVE;
				GCC_WARN_UNUSED_FUNCTION = YES;
				GCC_WARN_UNUSED_VARIABLE = YES;
				MACOSX_DEPLOYMENT_TARGET = 10.15;
				MTL_ENABLE_DEBUG_INFO = NO;
				MTL_FAST_MATH = YES;
				SDKROOT = macosx;
				SWIFT_COMPILATION_MODE = wholemodule;
				SWIFT_OPTIMIZATION_LEVEL = "-O";
			};
			name = Release;
		};
		E40B6BA02526760A006B3243 /* Debug */ = {
			isa = XCBuildConfiguration;
			buildSettings = {
				ASSETCATALOG_COMPILER_APPICON_NAME = AppIcon;
				ASSETCATALOG_COMPILER_GLOBAL_ACCENT_COLOR_NAME = AccentColor;
				CODE_SIGN_ENTITLEMENTS = "Guess The Number/Guess_The_Number.entitlements";
				CODE_SIGN_STYLE = Automatic;
				COMBINE_HIDPI_IMAGES = YES;
				DEVELOPMENT_TEAM = 5ZB6BPQ4CV;
				ENABLE_HARDENED_RUNTIME = YES;
				INFOPLIST_FILE = "Guess The Number/Info.plist";
				LD_RUNPATH_SEARCH_PATHS = (
					"$(inherited)",
					"@executable_path/../Frameworks",
				);
				PRODUCT_BUNDLE_IDENTIFIER = "com.yaypixxo.Guess-The-Number";
				PRODUCT_NAME = "$(TARGET_NAME)";
				SWIFT_VERSION = 5.0;
			};
			name = Debug;
		};
		E40B6BA12526760A006B3243 /* Release */ = {
			isa = XCBuildConfiguration;
			buildSettings = {
				ASSETCATALOG_COMPILER_APPICON_NAME = AppIcon;
				ASSETCATALOG_COMPILER_GLOBAL_ACCENT_COLOR_NAME = AccentColor;
				CODE_SIGN_ENTITLEMENTS = "Guess The Number/Guess_The_Number.entitlements";
				CODE_SIGN_STYLE = Automatic;
				COMBINE_HIDPI_IMAGES = YES;
				DEVELOPMENT_TEAM = 5ZB6BPQ4CV;
				ENABLE_HARDENED_RUNTIME = YES;
				INFOPLIST_FILE = "Guess The Number/Info.plist";
				LD_RUNPATH_SEARCH_PATHS = (
					"$(inherited)",
					"@executable_path/../Frameworks",
				);
				PRODUCT_BUNDLE_IDENTIFIER = "com.yaypixxo.Guess-The-Number";
				PRODUCT_NAME = "$(TARGET_NAME)";
				SWIFT_VERSION = 5.0;
			};
			name = Release;
		};
		E40B6BA32526760A006B3243 /* Debug */ = {
			isa = XCBuildConfiguration;
			buildSettings = {
				ALWAYS_EMBED_SWIFT_STANDARD_LIBRARIES = YES;
				BUNDLE_LOADER = "$(TEST_HOST)";
				CODE_SIGN_STYLE = Automatic;
				COMBINE_HIDPI_IMAGES = YES;
				DEVELOPMENT_TEAM = 5ZB6BPQ4CV;
				INFOPLIST_FILE = "Guess The NumberTests/Info.plist";
				LD_RUNPATH_SEARCH_PATHS = (
					"$(inherited)",
					"@executable_path/../Frameworks",
					"@loader_path/../Frameworks",
				);
				MACOSX_DEPLOYMENT_TARGET = 10.15;
				PRODUCT_BUNDLE_IDENTIFIER = "com.yaypixxo.Guess-The-NumberTests";
				PRODUCT_NAME = "$(TARGET_NAME)";
				SWIFT_VERSION = 5.0;
				TEST_HOST = "$(BUILT_PRODUCTS_DIR)/Guess The Number.app/Contents/MacOS/Guess The Number";
			};
			name = Debug;
		};
		E40B6BA42526760A006B3243 /* Release */ = {
			isa = XCBuildConfiguration;
			buildSettings = {
				ALWAYS_EMBED_SWIFT_STANDARD_LIBRARIES = YES;
				BUNDLE_LOADER = "$(TEST_HOST)";
				CODE_SIGN_STYLE = Automatic;
				COMBINE_HIDPI_IMAGES = YES;
				DEVELOPMENT_TEAM = 5ZB6BPQ4CV;
				INFOPLIST_FILE = "Guess The NumberTests/Info.plist";
				LD_RUNPATH_SEARCH_PATHS = (
					"$(inherited)",
					"@executable_path/../Frameworks",
					"@loader_path/../Frameworks",
				);
				MACOSX_DEPLOYMENT_TARGET = 10.15;
				PRODUCT_BUNDLE_IDENTIFIER = "com.yaypixxo.Guess-The-NumberTests";
				PRODUCT_NAME = "$(TARGET_NAME)";
				SWIFT_VERSION = 5.0;
				TEST_HOST = "$(BUILT_PRODUCTS_DIR)/Guess The Number.app/Contents/MacOS/Guess The Number";
			};
			name = Release;
		};
		E40B6BA62526760A006B3243 /* Debug */ = {
			isa = XCBuildConfiguration;
			buildSettings = {
				ALWAYS_EMBED_SWIFT_STANDARD_LIBRARIES = YES;
				CODE_SIGN_STYLE = Automatic;
				COMBINE_HIDPI_IMAGES = YES;
				DEVELOPMENT_TEAM = 5ZB6BPQ4CV;
				INFOPLIST_FILE = "Guess The NumberUITests/Info.plist";
				LD_RUNPATH_SEARCH_PATHS = (
					"$(inherited)",
					"@executable_path/../Frameworks",
					"@loader_path/../Frameworks",
				);
				PRODUCT_BUNDLE_IDENTIFIER = "com.yaypixxo.Guess-The-NumberUITests";
				PRODUCT_NAME = "$(TARGET_NAME)";
				SWIFT_VERSION = 5.0;
				TEST_TARGET_NAME = "Guess The Number";
			};
			name = Debug;
		};
		E40B6BA72526760A006B3243 /* Release */ = {
			isa = XCBuildConfiguration;
			buildSettings = {
				ALWAYS_EMBED_SWIFT_STANDARD_LIBRARIES = YES;
				CODE_SIGN_STYLE = Automatic;
				COMBINE_HIDPI_IMAGES = YES;
				DEVELOPMENT_TEAM = 5ZB6BPQ4CV;
				INFOPLIST_FILE = "Guess The NumberUITests/Info.plist";
				LD_RUNPATH_SEARCH_PATHS = (
					"$(inherited)",
					"@executable_path/../Frameworks",
					"@loader_path/../Frameworks",
				);
				PRODUCT_BUNDLE_IDENTIFIER = "com.yaypixxo.Guess-The-NumberUITests";
				PRODUCT_NAME = "$(TARGET_NAME)";
				SWIFT_VERSION = 5.0;
				TEST_TARGET_NAME = "Guess The Number";
			};
			name = Release;
		};
/* End XCBuildConfiguration section */

/* Begin XCConfigurationList section */
		E40B6B7425267609006B3243 /* Build configuration list for PBXProject "Guess The Number" */ = {
			isa = XCConfigurationList;
			buildConfigurations = (
				E40B6B9D2526760A006B3243 /* Debug */,
				E40B6B9E2526760A006B3243 /* Release */,
			);
			defaultConfigurationIsVisible = 0;
			defaultConfigurationName = Release;
		};
		E40B6B9F2526760A006B3243 /* Build configuration list for PBXNativeTarget "Guess The Number" */ = {
			isa = XCConfigurationList;
			buildConfigurations = (
				E40B6BA02526760A006B3243 /* Debug */,
				E40B6BA12526760A006B3243 /* Release */,
			);
			defaultConfigurationIsVisible = 0;
			defaultConfigurationName = Release;
		};
		E40B6BA22526760A006B3243 /* Build configuration list for PBXNativeTarget "Guess The NumberTests" */ = {
			isa = XCConfigurationList;
			buildConfigurations = (
				E40B6BA32526760A006B3243 /* Debug */,
				E40B6BA42526760A006B3243 /* Release */,
			);
			defaultConfigurationIsVisible = 0;
			defaultConfigurationName = Release;
		};
		E40B6BA52526760A006B3243 /* Build configuration list for PBXNativeTarget "Guess The NumberUITests" */ = {
			isa = XCConfigurationList;
			buildConfigurations = (
				E40B6BA62526760A006B3243 /* Debug */,
				E40B6BA72526760A006B3243 /* Release */,
			);
			defaultConfigurationIsVisible = 0;
			defaultConfigurationName = Release;
		};
/* End XCConfigurationList section */
	};
	rootObject = E40B6B7125267609006B3243 /* Project object */;
}
